{
  "version": 4,
  "terraform_version": "1.1.8",
  "serial": 8,
  "lineage": "3079e633-adf2-8923-1145-87c91fdec404",
  "outputs": {},
  "resources": [
    {
      "mode": "managed",
      "type": "digitalocean_droplet",
      "name": "web",
      "provider": "provider[\"registry.terraform.io/digitalocean/digitalocean\"]",
      "instances": [
        {
          "schema_version": 1,
          "attributes": {
            "backups": false,
            "created_at": "2023-02-19T04:11:21Z",
            "disk": 50,
            "droplet_agent": null,
            "graceful_shutdown": false,
            "id": "341561299",
            "image": "ubuntu-18-04-x64",
            "ipv4_address": "178.128.52.141",
            "ipv4_address_private": "10.104.0.2",
            "ipv6": false,
            "ipv6_address": "",
            "locked": false,
            "memory": 2048,
            "monitoring": false,
            "name": "tai-kafka",
            "price_hourly": 0.01786,
            "price_monthly": 12,
            "private_networking": true,
            "region": "sgp1",
            "resize_disk": true,
            "size": "s-1vcpu-2gb",
            "ssh_keys": [
              "3c:fb:1e:1f:a0:5a:77:2e:f7:de:95:85:bb:83:3f:75"
            ],
            "status": "active",
            "tags": null,
            "timeouts": null,
            "urn": "do:droplet:341561299",
            "user_data": null,
            "vcpus": 1,
            "volume_ids": [],
            "vpc_uuid": "e5ce888a-f584-4fbc-91c4-f40a7f9dbd06"
          },
          "sensitive_attributes": [],
          "private": "eyJlMmJmYjczMC1lY2FhLTExZTYtOGY4OC0zNDM2M2JjN2M0YzAiOnsiY3JlYXRlIjozNjAwMDAwMDAwMDAwLCJkZWxldGUiOjYwMDAwMDAwMDAwLCJ1cGRhdGUiOjM2MDAwMDAwMDAwMDB9LCJzY2hlbWFfdmVyc2lvbiI6IjEifQ==",
          "dependencies": [
            "digitalocean_ssh_key.default"
          ]
        }
      ]
    },
    {
      "mode": "managed",
      "type": "digitalocean_ssh_key",
      "name": "default",
      "provider": "provider[\"registry.terraform.io/digitalocean/digitalocean\"]",
      "instances": [
        {
          "schema_version": 0,
          "attributes": {
            "fingerprint": "3c:fb:1e:1f:a0:5a:77:2e:f7:de:95:85:bb:83:3f:75",
            "id": "37572347",
            "name": "tai-kafka",
            "public_key": "ssh-rsa AAAAB3NzaC1yc2EAAAADAQABAAABgQC+4pkBrubGE2O9Z8PKRqMDSz7SB0x+xUVEVIdJILOkCrM2VlOxOrygnYMSiEOHKFY337QEdtz3h6/kQ/dnrfgIdX/hGsW8y5UO19KaPKtP+dDuHfUHE2hHiiHjsHADJAAyxqj4xmbLcGI8ux9k/XngYOSixgEhtbxYrCzbnTFF/eXDNUMiuk71gtC0RadvGWa3Qi6TVqgzTFNNsXesL5ixGfWKPBCTeAurT469rlb4Astdo0FFqb8Mde2ZNL4w/abIqap5+P5M9teo2zMD1EmavVbUxYAFcFJT0LobhjtwA/WiCUwgWbDATWpB0ZtDh9EBGqckIJ/fNr+WvVfbd2KmDzw6IVSCvAvLMDUUv2XYhsXbCxEnF1vYFLurzuEduaoMwvLo5MUJHb5is+68aXuxCzqMK5jTG7Uz1MqD2ChBhLwyrTED4JzpZowTZhJqPCq/Ix/rV1qyygXUqMYYG0xKErKdeYafOm2WZ49d8Fs3s+mKoied+K8DGh/TNKfWIN0= admin@ThanhTai\r\n"
          },
          "sensitive_attributes": [],
          "private": "bnVsbA=="
        }
      ]
    }
  ]
}
